
Microsoft Visual Studio Solution File, Format Version 12.00
# Visual Studio Version 17
VisualStudioVersion = 17.8.34322.80
MinimumVisualStudioVersion = 10.0.40219.1
Project("{FAE04EC0-301F-11D3-BF4B-00C04F79EFBC}") = "SlaversAndRunts", "SlaversAndRunts.csproj", "{EB92D379-F1AD-4B0C-A686-8D1839F8C7BE}"
EndProject
Global
	GlobalSection(SolutionConfigurationPlatforms) = preSolution
		Debug|Any CPU = Debug|Any CPU
		Release|Any CPU = Release|Any CPU
	EndGlobalSection
	GlobalSection(ProjectConfigurationPlatforms) = postSolution
		{EB92D379-F1AD-4B0C-A686-8D1839F8C7BE}.Debug|Any CPU.ActiveCfg = Debug|Any CPU
		{EB92D379-F1AD-4B0C-A686-8D1839F8C7BE}.Debug|Any CPU.Build.0 = Debug|Any CPU
		{EB92D379-F1AD-4B0C-A686-8D1839F8C7BE}.Release|Any CPU.ActiveCfg = Release|Any CPU
		{EB92D379-F1AD-4B0C-A686-8D1839F8C7BE}.Release|Any CPU.Build.0 = Release|Any CPU
	EndGlobalSection
	GlobalSection(SolutionProperties) = preSolution
		HideSolutionNode = FALSE
	EndGlobalSection
	GlobalSection(ExtensibilityGlobals) = postSolution
		SolutionGuid = {7ED8A527-4E5C-4109-9231-C309A9AEDF76}
	EndGlobalSection
EndGlobal
